// !$*UTF8*$!
{
	archiveVersion = 1;
	classes = {
	};
	objectVersion = 56;
	objects = {

/* Begin PBXBuildFile section */
		F29556272A20C97D009F2BD0 /* main.m in Sources */ = {isa = PBXBuildFile; fileRef = F29556262A20C97D009F2BD0 /* main.m */; };
		F295562F2A20C997009F2BD0 /* Person.m in Sources */ = {isa = PBXBuildFile; fileRef = F295562E2A20C997009F2BD0 /* Person.m */; };
		F29556322A20CB91009F2BD0 /* XiyouMobilePerson.m in Sources */ = {isa = PBXBuildFile; fileRef = F29556312A20CB91009F2BD0 /* XiyouMobilePerson.m */; };
		F29556352A20CE54009F2BD0 /* Model.m in Sources */ = {isa = PBXBuildFile; fileRef = F29556342A20CE54009F2BD0 /* Model.m */; };
/* End PBXBuildFile section */

/* Begin PBXCopyFilesBuildPhase section */
		F29556212A20C97D009F2BD0 /* CopyFiles */ = {
			isa = PBXCopyFilesBuildPhase;
			buildActionMask = 2147483647;
			dstPath = /usr/share/man/man1/;
			dstSubfolderSpec = 0;
			files = (
			);
			runOnlyForDeploymentPostprocessing = 1;
		};
/* End PBXCopyFilesBuildPhase section */

/* Begin PBXFileReference section */
		F29556232A20C97D009F2BD0 /* question 2 */ = {isa = PBXFileReference; explicitFileType = "compiled.mach-o.executable"; includeInIndex = 0; path = "question 2"; sourceTree = BUILT_PRODUCTS_DIR; };
		F29556262A20C97D009F2BD0 /* main.m */ = {isa = PBXFileReference; lastKnownFileType = sourcecode.c.objc; path = main.m; sourceTree = "<group>"; };
		F295562D2A20C997009F2BD0 /* Person.h */ = {isa = PBXFileReference; lastKnownFileType = sourcecode.c.h; path = Person.h; sourceTree = "<group>"; };
		F295562E2A20C997009F2BD0 /* Person.m */ = {isa = PBXFileReference; lastKnownFileType = sourcecode.c.objc; path = Person.m; sourceTree = "<group>"; };
		F29556302A20CB91009F2BD0 /* XiyouMobilePerson.h */ = {isa = PBXFileReference; lastKnownFileType = sourcecode.c.h; path = XiyouMobilePerson.h; sourceTree = "<group>"; };
		F29556312A20CB91009F2BD0 /* XiyouMobilePerson.m */ = {isa = PBXFileReference; lastKnownFileType = sourcecode.c.objc; path = XiyouMobilePerson.m; sourceTree = "<group>"; };
		F29556332A20CE54009F2BD0 /* Model.h */ = {isa = PBXFileReference; lastKnownFileType = sourcecode.c.h; path = Model.h; sourceTree = "<group>"; };
		F29556342A20CE54009F2BD0 /* Model.m */ = {isa = PBXFileReference; lastKnownFileType = sourcecode.c.objc; path = Model.m; sourceTree = "<group>"; };
		F29556362A20D03D009F2BD0 /* Demand.h */ = {isa = PBXFileReference; lastKnownFileType = sourcecode.c.h; path = Demand.h; sourceTree = "<group>"; };
/* End PBXFileReference section */

/* Begin PBXFrameworksBuildPhase section */
		F29556202A20C97D009F2BD0 /* Frameworks */ = {
			isa = PBXFrameworksBuildPhase;
			buildActionMask = 2147483647;
			files = (
			);
			runOnlyForDeploymentPostprocessing = 0;
		};
/* End PBXFrameworksBuildPhase section */

/* Begin PBXGroup section */
		F295561A2A20C97D009F2BD0 = {
			isa = PBXGroup;
			children = (
				F29556252A20C97D009F2BD0 /* question 2 */,
				F29556242A20C97D009F2BD0 /* Products */,
			);
			sourceTree = "<group>";
		};
		F29556242A20C97D009F2BD0 /* Products */ = {
			isa = PBXGroup;
			children = (
				F29556232A20C97D009F2BD0 /* question 2 */,
			);
			name = Products;
			sourceTree = "<group>";
		};
		F29556252A20C97D009F2BD0 /* question 2 */ = {
			isa = PBXGroup;
			children = (
				F29556262A20C97D009F2BD0 /* main.m */,
				F295562D2A20C997009F2BD0 /* Person.h */,
				F295562E2A20C997009F2BD0 /* Person.m */,
				F29556302A20CB91009F2BD0 /* XiyouMobilePerson.h */,
				F29556312A20CB91009F2BD0 /* XiyouMobilePerson.m */,
				F29556332A20CE54009F2BD0 /* Model.h */,
				F29556362A20D03D009F2BD0 /* Demand.h */,
				F29556342A20CE54009F2BD0 /* Model.m */,
			);
			path = "question 2";
			sourceTree = "<group>";
		};
/* End PBXGroup section */

/* Begin PBXNativeTarget section */
		F29556222A20C97D009F2BD0 /* question 2 */ = {
			isa = PBXNativeTarget;
			buildConfigurationList = F295562A2A20C97D009F2BD0 /* Build configuration list for PBXNativeTarget "question 2" */;
			buildPhases = (
				F295561F2A20C97D009F2BD0 /* Sources */,
				F29556202A20C97D009F2BD0 /* Frameworks */,
				F29556212A20C97D009F2BD0 /* CopyFiles */,
			);
			buildRules = (
			);
			dependencies = (
			);
			name = "question 2";
			productName = "question 2";
			productReference = F29556232A20C97D009F2BD0 /* question 2 */;
			productType = "com.apple.product-type.tool";
		};
/* End PBXNativeTarget section */

/* Begin PBXProject section */
		F295561B2A20C97D009F2BD0 /* Project object */ = {
			isa = PBXProject;
			attributes = {
				BuildIndependentTargetsInParallel = 1;
				LastUpgradeCheck = 1430;
				TargetAttributes = {
					F29556222A20C97D009F2BD0 = {
						CreatedOnToolsVersion = 14.3;
					};
				};
			};
			buildConfigurationList = F295561E2A20C97D009F2BD0 /* Build configuration list for PBXProject "question 2" */;
			compatibilityVersion = "Xcode 14.0";
			developmentRegion = en;
			hasScannedForEncodings = 0;
			knownRegions = (
				en,
				Base,
			);
			mainGroup = F295561A2A20C97D009F2BD0;
			productRefGroup = F29556242A20C97D009F2BD0 /* Products */;
			projectDirPath = "";
			projectRoot = "";
			targets = (
				F29556222A20C97D009F2BD0 /* question 2 */,
			);
		};
/* End PBXProject section */

/* Begin PBXSourcesBuildPhase section */
		F295561F2A20C97D009F2BD0 /* Sources */ = {
			isa = PBXSourcesBuildPhase;
			buildActionMask = 2147483647;
			files = (
				F29556322A20CB91009F2BD0 /* XiyouMobilePerson.m in Sources */,
				F295562F2A20C997009F2BD0 /* Person.m in Sources */,
				F29556272A20C97D009F2BD0 /* main.m in Sources */,
				F29556352A20CE54009F2BD0 /* Model.m in Sources */,
			);
			runOnlyForDeploymentPostprocessing = 0;
		};
/* End PBXSourcesBuildPhase section */

/* Begin XCBuildConfiguration section */
		F29556282A20C97D009F2BD0 /* Debug */ = {
			isa = XCBuildConfiguration;
			buildSettings = {
				ALWAYS_SEARCH_USER_PATHS = NO;
				CLANG_ANALYZER_NONNULL = YES;
				CLANG_ANALYZER_NUMBER_OBJECT_CONVERSION = YES_AGGRESSIVE;
				CLANG_CXX_LANGUAGE_STANDARD = "gnu++20";
				CLANG_ENABLE_MODULES = YES;
				CLANG_ENABLE_OBJC_ARC = YES;
				CLANG_ENABLE_OBJC_WEAK = YES;
				CLANG_WARN_BLOCK_CAPTURE_AUTORELEASING = YES;
				CLANG_WARN_BOOL_CONVERSION = YES;
				CLANG_WARN_COMMA = YES;
				CLANG_WARN_CONSTANT_CONVERSION = YES;
				CLANG_WARN_DEPRECATED_OBJC_IMPLEMENTATIONS = YES;
				CLANG_WARN_DIRECT_OBJC_ISA_USAGE = YES_ERROR;
				CLANG_WARN_DOCUMENTATION_COMMENTS = YES;
				CLANG_WARN_EMPTY_BODY = YES;
				CLANG_WARN_ENUM_CONVERSION = YES;
				CLANG_WARN_INFINITE_RECURSION = YES;
				CLANG_WARN_INT_CONVERSION = YES;
				CLANG_WARN_NON_LITERAL_NULL_CONVERSION = YES;
				CLANG_WARN_OBJC_IMPLICIT_RETAIN_SELF = YES;
				CLANG_WARN_OBJC_LITERAL_CONVERSION = YES;
				CLANG_WARN_OBJC_ROOT_CLASS = YES_ERROR;
				CLANG_WARN_QUOTED_INCLUDE_IN_FRAMEWORK_HEADER = YES;
				CLANG_WARN_RANGE_LOOP_ANALYSIS = YES;
				CLANG_WARN_STRICT_PROTOTYPES = YES;
				CLANG_WARN_SUSPICIOUS_MOVE = YES;
				CLANG_WARN_UNGUARDED_AVAILABILITY = YES_AGGRESSIVE;
				CLANG_WARN_UNREACHABLE_CODE = YES;
				CLANG_WARN__DUPLICATE_METHOD_MATCH = YES;
				COPY_PHASE_STRIP = NO;
				DEBUG_INFORMATION_FORMAT = dwarf;
				ENABLE_STRICT_OBJC_MSGSEND = YES;
				ENABLE_TESTABILITY = YES;
				GCC_C_LANGUAGE_STANDARD = gnu11;
				GCC_DYNAMIC_NO_PIC = NO;
				GCC_NO_COMMON_BLOCKS = YES;
				GCC_OPTIMIZATION_LEVEL = 0;
				GCC_PREPROCESSOR_DEFINITIONS = (
					"DEBUG=1",
					"$(inherited)",
				);
				GCC_WARN_64_TO_32_BIT_CONVERSION = YES;
				GCC_WARN_ABOUT_RETURN_TYPE = YES_ERROR;
				GCC_WARN_UNDECLARED_SELECTOR = YES;
				GCC_WARN_UNINITIALIZED_AUTOS = YES_AGGRESSIVE;
				GCC_WARN_UNUSED_FUNCTION = YES;
				GCC_WARN_UNUSED_VARIABLE = YES;
				MACOSX_DEPLOYMENT_TARGET = 13.3;
				MTL_ENABLE_DEBUG_INFO = INCLUDE_SOURCE;
				MTL_FAST_MATH = YES;
				ONLY_ACTIVE_ARCH = YES;
				SDKROOT = macosx;
			};
			name = Debug;
		};
		F29556292A20C97D009F2BD0 /* Release */ = {
			isa = XCBuildConfiguration;
			buildSettings = {
				ALWAYS_SEARCH_USER_PATHS = NO;
				CLANG_ANALYZER_NONNULL = YES;
				CLANG_ANALYZER_NUMBER_OBJECT_CONVERSION = YES_AGGRESSIVE;
				CLANG_CXX_LANGUAGE_STANDARD = "gnu++20";
				CLANG_ENABLE_MODULES = YES;
				CLANG_ENABLE_OBJC_ARC = YES;
				CLANG_ENABLE_OBJC_WEAK = YES;
				CLANG_WARN_BLOCK_CAPTURE_AUTORELEASING = YES;
				CLANG_WARN_BOOL_CONVERSION = YES;
				CLANG_WARN_COMMA = YES;
				CLANG_WARN_CONSTANT_CONVERSION = YES;
				CLANG_WARN_DEPRECATED_OBJC_IMPLEMENTATIONS = YES;
				CLANG_WARN_DIRECT_OBJC_ISA_USAGE = YES_ERROR;
				CLANG_WARN_DOCUMENTATION_COMMENTS = YES;
				CLANG_WARN_EMPTY_BODY = YES;
				CLANG_WARN_ENUM_CONVERSION = YES;
				CLANG_WARN_INFINITE_RECURSION = YES;
				CLANG_WARN_INT_CONVERSION = YES;
				CLANG_WARN_NON_LITERAL_NULL_CONVERSION = YES;
				CLANG_WARN_OBJC_IMPLICIT_RETAIN_SELF = YES;
				CLANG_WARN_OBJC_LITERAL_CONVERSION = YES;
				CLANG_WARN_OBJC_ROOT_CLASS = YES_ERROR;
				CLANG_WARN_QUOTED_INCLUDE_IN_FRAMEWORK_HEADER = YES;
				CLANG_WARN_RANGE_LOOP_ANALYSIS = YES;
				CLANG_WARN_STRICT_PROTOTYPES = YES;
				CLANG_WARN_SUSPICIOUS_MOVE = YES;
				CLANG_WARN_UNGUARDED_AVAILABILITY = YES_AGGRESSIVE;
				CLANG_WARN_UNREACHABLE_CODE = YES;
				CLANG_WARN__DUPLICATE_METHOD_MATCH = YES;
				COPY_PHASE_STRIP = NO;
				DEBUG_INFORMATION_FORMAT = "dwarf-with-dsym";
				ENABLE_NS_ASSERTIONS = NO;
				ENABLE_STRICT_OBJC_MSGSEND = YES;
				GCC_C_LANGUAGE_STANDARD = gnu11;
				GCC_NO_COMMON_BLOCKS = YES;
				GCC_WARN_64_TO_32_BIT_CONVERSION = YES;
				GCC_WARN_ABOUT_RETURN_TYPE = YES_ERROR;
				GCC_WARN_UNDECLARED_SELECTOR = YES;
				GCC_WARN_UNINITIALIZED_AUTOS = YES_AGGRESSIVE;
				GCC_WARN_UNUSED_FUNCTION = YES;
				GCC_WARN_UNUSED_VARIABLE = YES;
				MACOSX_DEPLOYMENT_TARGET = 13.3;
				MTL_ENABLE_DEBUG_INFO = NO;
				MTL_FAST_MATH = YES;
				SDKROOT = macosx;
			};
			name = Release;
		};
		F295562B2A20C97D009F2BD0 /* Debug */ = {
			isa = XCBuildConfiguration;
			buildSettings = {
				CODE_SIGN_STYLE = Automatic;
				PRODUCT_NAME = "$(TARGET_NAME)";
			};
			name = Debug;
		};
		F295562C2A20C97D009F2BD0 /* Release */ = {
			isa = XCBuildConfiguration;
			buildSettings = {
				CODE_SIGN_STYLE = Automatic;
				PRODUCT_NAME = "$(TARGET_NAME)";
			};
			name = Release;
		};
/* End XCBuildConfiguration section */

/* Begin XCConfigurationList section */
		F295561E2A20C97D009F2BD0 /* Build configuration list for PBXProject "question 2" */ = {
			isa = XCConfigurationList;
			buildConfigurations = (
				F29556282A20C97D009F2BD0 /* Debug */,
				F29556292A20C97D009F2BD0 /* Release */,
			);
			defaultConfigurationIsVisible = 0;
			defaultConfigurationName = Release;
		};
		F295562A2A20C97D009F2BD0 /* Build configuration list for PBXNativeTarget "question 2" */ = {
			isa = XCConfigurationList;
			buildConfigurations = (
				F295562B2A20C97D009F2BD0 /* Debug */,
				F295562C2A20C97D009F2BD0 /* Release */,
			);
			defaultConfigurationIsVisible = 0;
			defaultConfigurationName = Release;
		};
/* End XCConfigurationList section */
	};
	rootObject = F295561B2A20C97D009F2BD0 /* Project object */;
}
